// !$*UTF8*$!
{
	archiveVersion = 1;
	classes = {
	};
	objectVersion = 55;
	objects = {

/* Begin PBXBuildFile section */
		BF8D9C112834972F001D535C /* AudioInputNode.swift in Sources */ = {isa = PBXBuildFile; fileRef = BF8D9C102834972F001D535C /* AudioInputNode.swift */; };
		BFCF10D9282A0BDE007FFE44 /* AppDelegate.swift in Sources */ = {isa = PBXBuildFile; fileRef = BFCF10D8282A0BDE007FFE44 /* AppDelegate.swift */; };
		BFCF10DB282A0BDE007FFE44 /* SceneDelegate.swift in Sources */ = {isa = PBXBuildFile; fileRef = BFCF10DA282A0BDE007FFE44 /* SceneDelegate.swift */; };
		BFCF10E0282A0BDE007FFE44 /* Main.storyboard in Resources */ = {isa = PBXBuildFile; fileRef = BFCF10DE282A0BDE007FFE44 /* Main.storyboard */; };
		BFCF10E2282A0BE0007FFE44 /* Assets.xcassets in Resources */ = {isa = PBXBuildFile; fileRef = BFCF10E1282A0BE0007FFE44 /* Assets.xcassets */; };
		BFCF10E5282A0BE0007FFE44 /* LaunchScreen.storyboard in Resources */ = {isa = PBXBuildFile; fileRef = BFCF10E3282A0BE0007FFE44 /* LaunchScreen.storyboard */; };
		BFCF10ED282A0D97007FFE44 /* PlayRecordVC.swift in Sources */ = {isa = PBXBuildFile; fileRef = BFCF10EC282A0D97007FFE44 /* PlayRecordVC.swift */; };
/* End PBXBuildFile section */

/* Begin PBXFileReference section */
		BF8D9C102834972F001D535C /* AudioInputNode.swift */ = {isa = PBXFileReference; lastKnownFileType = sourcecode.swift; path = AudioInputNode.swift; sourceTree = "<group>"; };
		BFCF10D5282A0BDE007FFE44 /* OliveDemo.app */ = {isa = PBXFileReference; explicitFileType = wrapper.application; includeInIndex = 0; path = OliveDemo.app; sourceTree = BUILT_PRODUCTS_DIR; };
		BFCF10D8282A0BDE007FFE44 /* AppDelegate.swift */ = {isa = PBXFileReference; lastKnownFileType = sourcecode.swift; path = AppDelegate.swift; sourceTree = "<group>"; };
		BFCF10DA282A0BDE007FFE44 /* SceneDelegate.swift */ = {isa = PBXFileReference; lastKnownFileType = sourcecode.swift; path = SceneDelegate.swift; sourceTree = "<group>"; };
		BFCF10DF282A0BDE007FFE44 /* Base */ = {isa = PBXFileReference; lastKnownFileType = file.storyboard; name = Base; path = Base.lproj/Main.storyboard; sourceTree = "<group>"; };
		BFCF10E1282A0BE0007FFE44 /* Assets.xcassets */ = {isa = PBXFileReference; lastKnownFileType = folder.assetcatalog; path = Assets.xcassets; sourceTree = "<group>"; };
		BFCF10E4282A0BE0007FFE44 /* Base */ = {isa = PBXFileReference; lastKnownFileType = file.storyboard; name = Base; path = Base.lproj/LaunchScreen.storyboard; sourceTree = "<group>"; };
		BFCF10E6282A0BE0007FFE44 /* Info.plist */ = {isa = PBXFileReference; lastKnownFileType = text.plist.xml; path = Info.plist; sourceTree = "<group>"; };
		BFCF10EC282A0D97007FFE44 /* PlayRecordVC.swift */ = {isa = PBXFileReference; lastKnownFileType = sourcecode.swift; path = PlayRecordVC.swift; sourceTree = "<group>"; };
/* End PBXFileReference section */

/* Begin PBXFrameworksBuildPhase section */
		BFCF10D2282A0BDE007FFE44 /* Frameworks */ = {
			isa = PBXFrameworksBuildPhase;
			buildActionMask = 2147483647;
			files = (
			);
			runOnlyForDeploymentPostprocessing = 0;
		};
/* End PBXFrameworksBuildPhase section */

/* Begin PBXGroup section */
		BF8D9C122834AA02001D535C /* Controller */ = {
			isa = PBXGroup;
			children = (
				BFCF10EC282A0D97007FFE44 /* PlayRecordVC.swift */,
			);
			path = Controller;
			sourceTree = "<group>";
		};
		BF8D9C132834AA13001D535C /* View */ = {
			isa = PBXGroup;
			children = (
				BFCF10DE282A0BDE007FFE44 /* Main.storyboard */,
				BFCF10E3282A0BE0007FFE44 /* LaunchScreen.storyboard */,
			);
			path = View;
			sourceTree = "<group>";
		};
		BF8D9C142834AA1C001D535C /* Model */ = {
			isa = PBXGroup;
			children = (
				BF8D9C102834972F001D535C /* AudioInputNode.swift */,
			);
			path = Model;
			sourceTree = "<group>";
		};
		BFCF10CC282A0BDE007FFE44 = {
			isa = PBXGroup;
			children = (
				BFCF10D7282A0BDE007FFE44 /* OliveDemo */,
				BFCF10D6282A0BDE007FFE44 /* Products */,
			);
			sourceTree = "<group>";
		};
		BFCF10D6282A0BDE007FFE44 /* Products */ = {
			isa = PBXGroup;
			children = (
				BFCF10D5282A0BDE007FFE44 /* OliveDemo.app */,
			);
			name = Products;
			sourceTree = "<group>";
		};
		BFCF10D7282A0BDE007FFE44 /* OliveDemo */ = {
			isa = PBXGroup;
			children = (
				BFCF10D8282A0BDE007FFE44 /* AppDelegate.swift */,
				BFCF10DA282A0BDE007FFE44 /* SceneDelegate.swift */,
				BFCF10E1282A0BE0007FFE44 /* Assets.xcassets */,
				BFCF10E6282A0BE0007FFE44 /* Info.plist */,
				BF8D9C142834AA1C001D535C /* Model */,
				BF8D9C132834AA13001D535C /* View */,
				BF8D9C122834AA02001D535C /* Controller */,
			);
			path = OliveDemo;
			sourceTree = "<group>";
		};
/* End PBXGroup section */

/* Begin PBXNativeTarget section */
		BFCF10D4282A0BDE007FFE44 /* OliveDemo */ = {
			isa = PBXNativeTarget;
			buildConfigurationList = BFCF10E9282A0BE0007FFE44 /* Build configuration list for PBXNativeTarget "OliveDemo" */;
			buildPhases = (
				BFCF10D1282A0BDE007FFE44 /* Sources */,
				BFCF10D2282A0BDE007FFE44 /* Frameworks */,
				BFCF10D3282A0BDE007FFE44 /* Resources */,
			);
			buildRules = (
			);
			dependencies = (
			);
			name = OliveDemo;
			productName = OliveDemo;
			productReference = BFCF10D5282A0BDE007FFE44 /* OliveDemo.app */;
			productType = "com.apple.product-type.application";
		};
/* End PBXNativeTarget section */

/* Begin PBXProject section */
		BFCF10CD282A0BDE007FFE44 /* Project object */ = {
			isa = PBXProject;
			attributes = {
				BuildIndependentTargetsInParallel = 1;
				LastSwiftUpdateCheck = 1330;
				LastUpgradeCheck = 1330;
				TargetAttributes = {
					BFCF10D4282A0BDE007FFE44 = {
						CreatedOnToolsVersion = 13.3.1;
					};
				};
			};
			buildConfigurationList = BFCF10D0282A0BDE007FFE44 /* Build configuration list for PBXProject "OliveDemo" */;
			compatibilityVersion = "Xcode 13.0";
			developmentRegion = en;
			hasScannedForEncodings = 0;
			knownRegions = (
				en,
				Base,
			);
			mainGroup = BFCF10CC282A0BDE007FFE44;
			productRefGroup = BFCF10D6282A0BDE007FFE44 /* Products */;
			projectDirPath = "";
			projectRoot = "";
			targets = (
				BFCF10D4282A0BDE007FFE44 /* OliveDemo */,
			);
		};
/* End PBXProject section */

/* Begin PBXResourcesBuildPhase section */
		BFCF10D3282A0BDE007FFE44 /* Resources */ = {
			isa = PBXResourcesBuildPhase;
			buildActionMask = 2147483647;
			files = (
				BFCF10E5282A0BE0007FFE44 /* LaunchScreen.storyboard in Resources */,
				BFCF10E2282A0BE0007FFE44 /* Assets.xcassets in Resources */,
				BFCF10E0282A0BDE007FFE44 /* Main.storyboard in Resources */,
			);
			runOnlyForDeploymentPostprocessing = 0;
		};
/* End PBXResourcesBuildPhase section */

/* Begin PBXSourcesBuildPhase section */
		BFCF10D1282A0BDE007FFE44 /* Sources */ = {
			isa = PBXSourcesBuildPhase;
			buildActionMask = 2147483647;
			files = (
				BFCF10D9282A0BDE007FFE44 /* AppDelegate.swift in Sources */,
				BFCF10DB282A0BDE007FFE44 /* SceneDelegate.swift in Sources */,
				BFCF10ED282A0D97007FFE44 /* PlayRecordVC.swift in Sources */,
				BF8D9C112834972F001D535C /* AudioInputNode.swift in Sources */,
			);
			runOnlyForDeploymentPostprocessing = 0;
		};
/* End PBXSourcesBuildPhase section */

/* Begin PBXVariantGroup section */
		BFCF10DE282A0BDE007FFE44 /* Main.storyboard */ = {
			isa = PBXVariantGroup;
			children = (
				BFCF10DF282A0BDE007FFE44 /* Base */,
			);
			name = Main.storyboard;
			sourceTree = "<group>";
		};
		BFCF10E3282A0BE0007FFE44 /* LaunchScreen.storyboard */ = {
			isa = PBXVariantGroup;
			children = (
				BFCF10E4282A0BE0007FFE44 /* Base */,
			);
			name = LaunchScreen.storyboard;
			sourceTree = "<group>";
		};
/* End PBXVariantGroup section */

/* Begin XCBuildConfiguration section */
		BFCF10E7282A0BE0007FFE44 /* Debug */ = {
			isa = XCBuildConfiguration;
			buildSettings = {
				ALWAYS_SEARCH_USER_PATHS = NO;
				CLANG_ANALYZER_NONNULL = YES;
				CLANG_ANALYZER_NUMBER_OBJECT_CONVERSION = YES_AGGRESSIVE;
				CLANG_CXX_LANGUAGE_STANDARD = "gnu++17";
				CLANG_ENABLE_MODULES = YES;
				CLANG_ENABLE_OBJC_ARC = YES;
				CLANG_ENABLE_OBJC_WEAK = YES;
				CLANG_WARN_BLOCK_CAPTURE_AUTORELEASING = YES;
				CLANG_WARN_BOOL_CONVERSION = YES;
				CLANG_WARN_COMMA = YES;
				CLANG_WARN_CONSTANT_CONVERSION = YES;
				CLANG_WARN_DEPRECATED_OBJC_IMPLEMENTATIONS = YES;
				CLANG_WARN_DIRECT_OBJC_ISA_USAGE = YES_ERROR;
				CLANG_WARN_DOCUMENTATION_COMMENTS = YES;
				CLANG_WARN_EMPTY_BODY = YES;
				CLANG_WARN_ENUM_CONVERSION = YES;
				CLANG_WARN_INFINITE_RECURSION = YES;
				CLANG_WARN_INT_CONVERSION = YES;
				CLANG_WARN_NON_LITERAL_NULL_CONVERSION = YES;
				CLANG_WARN_OBJC_IMPLICIT_RETAIN_SELF = YES;
				CLANG_WARN_OBJC_LITERAL_CONVERSION = YES;
				CLANG_WARN_OBJC_ROOT_CLASS = YES_ERROR;
				CLANG_WARN_QUOTED_INCLUDE_IN_FRAMEWORK_HEADER = YES;
				CLANG_WARN_RANGE_LOOP_ANALYSIS = YES;
				CLANG_WARN_STRICT_PROTOTYPES = YES;
				CLANG_WARN_SUSPICIOUS_MOVE = YES;
				CLANG_WARN_UNGUARDED_AVAILABILITY = YES_AGGRESSIVE;
				CLANG_WARN_UNREACHABLE_CODE = YES;
				CLANG_WARN__DUPLICATE_METHOD_MATCH = YES;
				COPY_PHASE_STRIP = NO;
				DEBUG_INFORMATION_FORMAT = dwarf;
				ENABLE_STRICT_OBJC_MSGSEND = YES;
				ENABLE_TESTABILITY = YES;
				GCC_C_LANGUAGE_STANDARD = gnu11;
				GCC_DYNAMIC_NO_PIC = NO;
				GCC_NO_COMMON_BLOCKS = YES;
				GCC_OPTIMIZATION_LEVEL = 0;
				GCC_PREPROCESSOR_DEFINITIONS = (
					"DEBUG=1",
					"$(inherited)",
				);
				GCC_WARN_64_TO_32_BIT_CONVERSION = YES;
				GCC_WARN_ABOUT_RETURN_TYPE = YES_ERROR;
				GCC_WARN_UNDECLARED_SELECTOR = YES;
				GCC_WARN_UNINITIALIZED_AUTOS = YES_AGGRESSIVE;
				GCC_WARN_UNUSED_FUNCTION = YES;
				GCC_WARN_UNUSED_VARIABLE = YES;
				IPHONEOS_DEPLOYMENT_TARGET = 15.4;
				MTL_ENABLE_DEBUG_INFO = INCLUDE_SOURCE;
				MTL_FAST_MATH = YES;
				ONLY_ACTIVE_ARCH = YES;
				SDKROOT = iphoneos;
				SWIFT_ACTIVE_COMPILATION_CONDITIONS = DEBUG;
				SWIFT_OPTIMIZATION_LEVEL = "-Onone";
			};
			name = Debug;
		};
		BFCF10E8282A0BE0007FFE44 /* Release */ = {
			isa = XCBuildConfiguration;
			buildSettings = {
				ALWAYS_SEARCH_USER_PATHS = NO;
				CLANG_ANALYZER_NONNULL = YES;
				CLANG_ANALYZER_NUMBER_OBJECT_CONVERSION = YES_AGGRESSIVE;
				CLANG_CXX_LANGUAGE_STANDARD = "gnu++17";
				CLANG_ENABLE_MODULES = YES;
				CLANG_ENABLE_OBJC_ARC = YES;
				CLANG_ENABLE_OBJC_WEAK = YES;
				CLANG_WARN_BLOCK_CAPTURE_AUTORELEASING = YES;
				CLANG_WARN_BOOL_CONVERSION = YES;
				CLANG_WARN_COMMA = YES;
				CLANG_WARN_CONSTANT_CONVERSION = YES;
				CLANG_WARN_DEPRECATED_OBJC_IMPLEMENTATIONS = YES;
				CLANG_WARN_DIRECT_OBJC_ISA_USAGE = YES_ERROR;
				CLANG_WARN_DOCUMENTATION_COMMENTS = YES;
				CLANG_WARN_EMPTY_BODY = YES;
				CLANG_WARN_ENUM_CONVERSION = YES;
				CLANG_WARN_INFINITE_RECURSION = YES;
				CLANG_WARN_INT_CONVERSION = YES;
				CLANG_WARN_NON_LITERAL_NULL_CONVERSION = YES;
				CLANG_WARN_OBJC_IMPLICIT_RETAIN_SELF = YES;
				CLANG_WARN_OBJC_LITERAL_CONVERSION = YES;
				CLANG_WARN_OBJC_ROOT_CLASS = YES_ERROR;
				CLANG_WARN_QUOTED_INCLUDE_IN_FRAMEWORK_HEADER = YES;
				CLANG_WARN_RANGE_LOOP_ANALYSIS = YES;
				CLANG_WARN_STRICT_PROTOTYPES = YES;
				CLANG_WARN_SUSPICIOUS_MOVE = YES;
				CLANG_WARN_UNGUARDED_AVAILABILITY = YES_AGGRESSIVE;
				CLANG_WARN_UNREACHABLE_CODE = YES;
				CLANG_WARN__DUPLICATE_METHOD_MATCH = YES;
				COPY_PHASE_STRIP = NO;
				DEBUG_INFORMATION_FORMAT = "dwarf-with-dsym";
				ENABLE_NS_ASSERTIONS = NO;
				ENABLE_STRICT_OBJC_MSGSEND = YES;
				GCC_C_LANGUAGE_STANDARD = gnu11;
				GCC_NO_COMMON_BLOCKS = YES;
				GCC_WARN_64_TO_32_BIT_CONVERSION = YES;
				GCC_WARN_ABOUT_RETURN_TYPE = YES_ERROR;
				GCC_WARN_UNDECLARED_SELECTOR = YES;
				GCC_WARN_UNINITIALIZED_AUTOS = YES_AGGRESSIVE;
				GCC_WARN_UNUSED_FUNCTION = YES;
				GCC_WARN_UNUSED_VARIABLE = YES;
				IPHONEOS_DEPLOYMENT_TARGET = 15.4;
				MTL_ENABLE_DEBUG_INFO = NO;
				MTL_FAST_MATH = YES;
				SDKROOT = iphoneos;
				SWIFT_COMPILATION_MODE = wholemodule;
				SWIFT_OPTIMIZATION_LEVEL = "-O";
				VALIDATE_PRODUCT = YES;
			};
			name = Release;
		};
		BFCF10EA282A0BE0007FFE44 /* Debug */ = {
			isa = XCBuildConfiguration;
			buildSettings = {
				ASSETCATALOG_COMPILER_APPICON_NAME = AppIcon;
				ASSETCATALOG_COMPILER_GLOBAL_ACCENT_COLOR_NAME = AccentColor;
				CODE_SIGN_STYLE = Automatic;
				CURRENT_PROJECT_VERSION = 1;
				DEVELOPMENT_TEAM = 64WAG22Y2J;
				GENERATE_INFOPLIST_FILE = YES;
				INFOPLIST_FILE = OliveDemo/Info.plist;
				INFOPLIST_KEY_UIApplicationSupportsIndirectInputEvents = YES;
				INFOPLIST_KEY_UILaunchStoryboardName = LaunchScreen;
				INFOPLIST_KEY_UIMainStoryboardFile = Main;
				INFOPLIST_KEY_UISupportedInterfaceOrientations_iPad = "UIInterfaceOrientationPortrait UIInterfaceOrientationPortraitUpsideDown UIInterfaceOrientationLandscapeLeft UIInterfaceOrientationLandscapeRight";
				INFOPLIST_KEY_UISupportedInterfaceOrientations_iPhone = "UIInterfaceOrientationPortrait UIInterfaceOrientationLandscapeLeft UIInterfaceOrientationLandscapeRight";
				LD_RUNPATH_SEARCH_PATHS = (
					"$(inherited)",
					"@executable_path/Frameworks",
				);
				MARKETING_VERSION = 1.0;
				PRODUCT_BUNDLE_IDENTIFIER = vincent.OliveDemo;
				PRODUCT_NAME = "$(TARGET_NAME)";
				SWIFT_EMIT_LOC_STRINGS = YES;
				SWIFT_VERSION = 5.0;
				TARGETED_DEVICE_FAMILY = "1,2";
			};
			name = Debug;
		};
		BFCF10EB282A0BE0007FFE44 /* Release */ = {
			isa = XCBuildConfiguration;
			buildSettings = {
				ASSETCATALOG_COMPILER_APPICON_NAME = AppIcon;
				ASSETCATALOG_COMPILER_GLOBAL_ACCENT_COLOR_NAME = AccentColor;
				CODE_SIGN_STYLE = Automatic;
				CURRENT_PROJECT_VERSION = 1;
				DEVELOPMENT_TEAM = 64WAG22Y2J;
				GENERATE_INFOPLIST_FILE = YES;
				INFOPLIST_FILE = OliveDemo/Info.plist;
				INFOPLIST_KEY_UIApplicationSupportsIndirectInputEvents = YES;
				INFOPLIST_KEY_UILaunchStoryboardName = LaunchScreen;
				INFOPLIST_KEY_UIMainStoryboardFile = Main;
				INFOPLIST_KEY_UISupportedInterfaceOrientations_iPad = "UIInterfaceOrientationPortrait UIInterfaceOrientationPortraitUpsideDown UIInterfaceOrientationLandscapeLeft UIInterfaceOrientationLandscapeRight";
				INFOPLIST_KEY_UISupportedInterfaceOrientations_iPhone = "UIInterfaceOrientationPortrait UIInterfaceOrientationLandscapeLeft UIInterfaceOrientationLandscapeRight";
				LD_RUNPATH_SEARCH_PATHS = (
					"$(inherited)",
					"@executable_path/Frameworks",
				);
				MARKETING_VERSION = 1.0;
				PRODUCT_BUNDLE_IDENTIFIER = vincent.OliveDemo;
				PRODUCT_NAME = "$(TARGET_NAME)";
				SWIFT_EMIT_LOC_STRINGS = YES;
				SWIFT_VERSION = 5.0;
				TARGETED_DEVICE_FAMILY = "1,2";
			};
			name = Release;
		};
/* End XCBuildConfiguration section */

/* Begin XCConfigurationList section */
		BFCF10D0282A0BDE007FFE44 /* Build configuration list for PBXProject "OliveDemo" */ = {
			isa = XCConfigurationList;
			buildConfigurations = (
				BFCF10E7282A0BE0007FFE44 /* Debug */,
				BFCF10E8282A0BE0007FFE44 /* Release */,
			);
			defaultConfigurationIsVisible = 0;
			defaultConfigurationName = Release;
		};
		BFCF10E9282A0BE0007FFE44 /* Build configuration list for PBXNativeTarget "OliveDemo" */ = {
			isa = XCConfigurationList;
			buildConfigurations = (
				BFCF10EA282A0BE0007FFE44 /* Debug */,
				BFCF10EB282A0BE0007FFE44 /* Release */,
			);
			defaultConfigurationIsVisible = 0;
			defaultConfigurationName = Release;
		};
/* End XCConfigurationList section */
	};
	rootObject = BFCF10CD282A0BDE007FFE44 /* Project object */;
}
